
Microsoft Visual Studio Solution File, Format Version 12.00
# Visual Studio Version 16
VisualStudioVersion = 16.0.31729.503
MinimumVisualStudioVersion = 10.0.40219.1
Project("{2150E333-8FDC-42A3-9474-1A3956D46DE8}") = "Presentation", "Presentation", "{A1047BF7-A9D9-4480-B09B-B0D082B1FD9A}"
EndProject
Project("{2150E333-8FDC-42A3-9474-1A3956D46DE8}") = "Business", "Business", "{0DF716A7-ED2F-4230-A7D3-A4707F311C9F}"
EndProject
Project("{2150E333-8FDC-42A3-9474-1A3956D46DE8}") = "DataAccess", "DataAccess", "{FD03E2AA-8521-4968-A030-8B847451F9D5}"
EndProject
Project("{2150E333-8FDC-42A3-9474-1A3956D46DE8}") = "Common", "Common", "{003B2DDA-40CF-47AA-A186-DFB2B713ADA1}"
EndProject
Project("{2150E333-8FDC-42A3-9474-1A3956D46DE8}") = "Test", "Test", "{1649CFB8-721B-4807-83A8-E2156D8C8E5E}"
EndProject
Project("{FAE04EC0-301F-11D3-BF4B-00C04F79EFBC}") = "EA.WebAPI", "EA.WebAPI\EA.WebAPI.csproj", "{88907F05-92E9-4CD8-94A9-5186662A70EB}"
EndProject
Global
	GlobalSection(SolutionConfigurationPlatforms) = preSolution
		Debug|Any CPU = Debug|Any CPU
		Release|Any CPU = Release|Any CPU
	EndGlobalSection
	GlobalSection(ProjectConfigurationPlatforms) = postSolution
		{88907F05-92E9-4CD8-94A9-5186662A70EB}.Debug|Any CPU.ActiveCfg = Debug|Any CPU
		{88907F05-92E9-4CD8-94A9-5186662A70EB}.Debug|Any CPU.Build.0 = Debug|Any CPU
		{88907F05-92E9-4CD8-94A9-5186662A70EB}.Release|Any CPU.ActiveCfg = Release|Any CPU
		{88907F05-92E9-4CD8-94A9-5186662A70EB}.Release|Any CPU.Build.0 = Release|Any CPU
	EndGlobalSection
	GlobalSection(SolutionProperties) = preSolution
		HideSolutionNode = FALSE
	EndGlobalSection
	GlobalSection(NestedProjects) = preSolution
		{88907F05-92E9-4CD8-94A9-5186662A70EB} = {A1047BF7-A9D9-4480-B09B-B0D082B1FD9A}
	EndGlobalSection
	GlobalSection(ExtensibilityGlobals) = postSolution
		SolutionGuid = {5AA78FB2-EEA8-49D2-84EA-A35DA0F4C7C6}
	EndGlobalSection
EndGlobal
